
Microsoft Visual Studio Solution File, Format Version 12.00
# Visual Studio Version 17
VisualStudioVersion = 17.0.32112.339
MinimumVisualStudioVersion = 10.0.40219.1
Project("{FAE04EC0-301F-11D3-BF4B-00C04F79EFBC}") = "Spotify.DAL", "Spotify.DAL\Spotify.DAL.csproj", "{66BEDE13-340B-4D02-8CBC-A6C7499C4DD2}"
EndProject
Project("{FAE04EC0-301F-11D3-BF4B-00C04F79EFBC}") = "Spotify.BLL", "Spotify.BLL\Spotify.BLL.csproj", "{C38CD365-3305-465A-BA5D-8EB42CE12C14}"
EndProject
Project("{FAE04EC0-301F-11D3-BF4B-00C04F79EFBC}") = "Spotify.Model", "Spotify.Model\Spotify.Model.csproj", "{1D56BBF0-B147-4E2B-930E-A035120E29F0}"
EndProject
Project("{FAE04EC0-301F-11D3-BF4B-00C04F79EFBC}") = "Spotify.Main", "Spotify.Main\Spotify.Main.csproj", "{57B27C5F-B729-4EBC-A2DE-400CB7E6F07D}"
EndProject
Project("{FAE04EC0-301F-11D3-BF4B-00C04F79EFBC}") = "Spotify.Common", "Spotify.Common\Spotify.Common.csproj", "{07F369C7-919E-4800-B955-6435EEE0BF1B}"
EndProject
Global
	GlobalSection(SolutionConfigurationPlatforms) = preSolution
		Debug|Any CPU = Debug|Any CPU
		Release|Any CPU = Release|Any CPU
	EndGlobalSection
	GlobalSection(ProjectConfigurationPlatforms) = postSolution
		{66BEDE13-340B-4D02-8CBC-A6C7499C4DD2}.Debug|Any CPU.ActiveCfg = Debug|Any CPU
		{66BEDE13-340B-4D02-8CBC-A6C7499C4DD2}.Debug|Any CPU.Build.0 = Debug|Any CPU
		{66BEDE13-340B-4D02-8CBC-A6C7499C4DD2}.Release|Any CPU.ActiveCfg = Release|Any CPU
		{66BEDE13-340B-4D02-8CBC-A6C7499C4DD2}.Release|Any CPU.Build.0 = Release|Any CPU
		{C38CD365-3305-465A-BA5D-8EB42CE12C14}.Debug|Any CPU.ActiveCfg = Debug|Any CPU
		{C38CD365-3305-465A-BA5D-8EB42CE12C14}.Debug|Any CPU.Build.0 = Debug|Any CPU
		{C38CD365-3305-465A-BA5D-8EB42CE12C14}.Release|Any CPU.ActiveCfg = Release|Any CPU
		{C38CD365-3305-465A-BA5D-8EB42CE12C14}.Release|Any CPU.Build.0 = Release|Any CPU
		{1D56BBF0-B147-4E2B-930E-A035120E29F0}.Debug|Any CPU.ActiveCfg = Debug|Any CPU
		{1D56BBF0-B147-4E2B-930E-A035120E29F0}.Debug|Any CPU.Build.0 = Debug|Any CPU
		{1D56BBF0-B147-4E2B-930E-A035120E29F0}.Release|Any CPU.ActiveCfg = Release|Any CPU
		{1D56BBF0-B147-4E2B-930E-A035120E29F0}.Release|Any CPU.Build.0 = Release|Any CPU
		{57B27C5F-B729-4EBC-A2DE-400CB7E6F07D}.Debug|Any CPU.ActiveCfg = Debug|Any CPU
		{57B27C5F-B729-4EBC-A2DE-400CB7E6F07D}.Debug|Any CPU.Build.0 = Debug|Any CPU
		{57B27C5F-B729-4EBC-A2DE-400CB7E6F07D}.Release|Any CPU.ActiveCfg = Release|Any CPU
		{57B27C5F-B729-4EBC-A2DE-400CB7E6F07D}.Release|Any CPU.Build.0 = Release|Any CPU
		{07F369C7-919E-4800-B955-6435EEE0BF1B}.Debug|Any CPU.ActiveCfg = Debug|Any CPU
		{07F369C7-919E-4800-B955-6435EEE0BF1B}.Debug|Any CPU.Build.0 = Debug|Any CPU
		{07F369C7-919E-4800-B955-6435EEE0BF1B}.Release|Any CPU.ActiveCfg = Release|Any CPU
		{07F369C7-919E-4800-B955-6435EEE0BF1B}.Release|Any CPU.Build.0 = Release|Any CPU
	EndGlobalSection
	GlobalSection(SolutionProperties) = preSolution
		HideSolutionNode = FALSE
	EndGlobalSection
	GlobalSection(ExtensibilityGlobals) = postSolution
		SolutionGuid = {3CA795F9-DC6F-4CDD-BF40-799ECA904946}
	EndGlobalSection
EndGlobal
